{
    "_readme": [
        "This file locks the dependencies of your project to a known state",
        "Read more about it at https://getcomposer.org/doc/01-basic-usage.md#installing-dependencies",
        "This file is @generated automatically"
    ],
    "content-hash": "2a374d374a0cb0dcb6a7b3085a8e2064",
    "packages": [
        {
            "name": "liyifei/aliyun-dysms-php-sdk",
            "version": "1.0.0",
            "source": {
                "type": "git",
                "url": "https://github.com/yii2-composer/aliyun-dysms-php-sdk.git",
                "reference": "db9ddbd3efc9903bf0a0f31754540b9d66da1702"
            },
            "dist": {
                "type": "zip",
                "url": "https://api.github.com/repos/yii2-composer/aliyun-dysms-php-sdk/zipball/db9ddbd3efc9903bf0a0f31754540b9d66da1702",
                "reference": "db9ddbd3efc9903bf0a0f31754540b9d66da1702",
                "shasum": "",
                "mirrors": [
                    {
                        "url": "https://dl.laravel-china.org/%package%/%reference%.%type%",
                        "preferred": true
                    }
                ]
            },
            "require": {
                "php": ">=5.5.0"
            },
            "require-dev": {
                "phpunit/phpunit": "~4.0"
            },
            "type": "library",
            "autoload": {
                "psr-4": {
                    "Aliyun\\": "lib/",
                    "Aliyun\\Test\\": "tests/"
                }
            },
            "notification-url": "https://packagist.org/downloads/",
            "license": [
                "Apache-2.0"
            ],
            "authors": [
                {
                    "name": "Aliyuncs",
                    "homepage": "https://www.aliyun.com"
                }
            ],
            "description": "Aliyun SMS SDK for PHP",
            "homepage": "https://www.aliyun.com/product/sms",
            "keywords": [
                "aliyun",
                "sdk",
                "sms"
            ],
            "time": "2019-02-20T13:48:34+00:00"
        }
    ],
    "packages-dev": [],
    "aliases": [],
    "minimum-stability": "dev",
    "stability-flags": [],
    "prefer-stable": false,
    "prefer-lowest": false,
    "platform": {
        "php": ">=7.0.0"
    },
    "platform-dev": []
}
